# THIS IS AN AUTOGENERATED FILE. DO NOT EDIT THIS FILE DIRECTLY.
# yarn lockfile v1


sweetalert2@^11.4.0:
  version "11.4.33"
  resolved "https://registry.yarnpkg.com/sweetalert2/-/sweetalert2-11.4.33.tgz#7aaf12d63aca41dd3f8e095e48b387d630104f10"
  integrity sha512-gnXH7c7xFzs9BtmHBVH4Fl/cEKhOhf4gv6UuZpFqUoFWtwIKG5sjNkcDNYW+8v3wyFestLab5qI4i1H1MkN0Pg==
